<?xml version="1.0" encoding="utf-8"?>
<Project ToolsVersion="4.0" xmlns="http://schemas.microsoft.com/developer/msbuild/2003">
  <ItemGroup>
    <Filter Include="gba_library">
      <UniqueIdentifier>{6fdd561d-68b4-4315-afd0-b490488d44db}</UniqueIdentifier>
    </Filter>
    <Filter Include="gba_library\Header Files">
      <UniqueIdentifier>{5692dbcd-4751-4a9d-b9b8-c0ec7d51dfa1}</UniqueIdentifier>
    </Filter>
    <Filter Include="gba_library\Source Files">
      <UniqueIdentifier>{2a9be1f1-4e4e-4a5c-a6c5-55c3e1e8efe3}</UniqueIdentifier>
    </Filter>
    <Filter Include="Header Files">
      <UniqueIdentifier>{93995380-89BD-4b04-88EB-625FBE52EBFB}</UniqueIdentifier>
      <Extensions>h;hh;hpp;hxx;hm;inl;inc;xsd</Extensions>
    </Filter>
    <Filter Include="Source Files">
      <UniqueIdentifier>{4FC737F1-C7A5-4376-A066-2A32D752A2FF}</UniqueIdentifier>
      <Extensions>cpp;c;cc;cxx;def;odl;idl;hpj;bat;asm;asmx</Extensions>
    </Filter>
    <Filter Include="Resource Files">
      <UniqueIdentifier>{67DA6AB6-F800-4c08-8B7A-83BB121AAD01}</UniqueIdentifier>
      <Extensions>rc;ico;cur;bmp;dlg;rc2;rct;bin;rgs;gif;jpg;jpeg;jpe;resx;tiff;tif;png;wav;mfcribbon-ms</Extensions>
    </Filter>
  </ItemGroup>
  <ItemGroup>
    <Text Include="readme.txt" />
    <Text Include="Makefile">
      <Filter>Source Files</Filter>
    </Text>
  </ItemGroup>
  <ItemGroup>
    <ClCompile Include="source\main.cpp">
      <Filter>Source Files</Filter>
    </ClCompile>
    <ClCompile Include="source\koopa.c">
      <Filter>Resource Files</Filter>
    </ClCompile>
    <ClCompile Include="source\sinlut.c">
      <Filter>Resource Files</Filter>
    </ClCompile>
    <ClCompile Include="source\gba_drawing.c">
      <Filter>gba_library\Source Files</Filter>
    </ClCompile>
    <ClCompile Include="source\gba_graphics.c">
      <Filter>gba_library\Source Files</Filter>
    </ClCompile>
    <ClCompile Include="source\gba_input.c">
      <Filter>gba_library\Source Files</Filter>
    </ClCompile>
    <ClCompile Include="source\gba_math.c">
      <Filter>gba_library\Source Files</Filter>
    </ClCompile>
    <ClCompile Include="source\gba_mathUtility.c">
      <Filter>gba_library\Source Files</Filter>
    </ClCompile>
    <ClCompile Include="source\gba_directMemoryAccess.c">
      <Filter>gba_library\Source Files</Filter>
    </ClCompile>
    <ClCompile Include="source\backgroundSprites.c">
      <Filter>Resource Files</Filter>
    </ClCompile>
    <ClCompile Include="source\splash.c">
      <Filter>Resource Files</Filter>
    </ClCompile>
    <ClCompile Include="source\gba_timers.c">
      <Filter>gba_library\Source Files</Filter>
    </ClCompile>
    <ClCompile Include="source\particles.c">
      <Filter>Resource Files</Filter>
    </ClCompile>
    <ClCompile Include="source\mario.c">
      <Filter>Resource Files</Filter>
    </ClCompile>
    <ClCompile Include="source\smoke.c">
      <Filter>Resource Files</Filter>
    </ClCompile>
  </ItemGroup>
  <ItemGroup>
    <ClInclude Include="include\Intellisense.h">
      <Filter>Header Files</Filter>
    </ClInclude>
    <ClInclude Include="include\koopa.h">
      <Filter>Resource Files</Filter>
    </ClInclude>
    <ClInclude Include="include\sinlut.h">
      <Filter>Resource Files</Filter>
    </ClInclude>
    <ClInclude Include="include\gba.h">
      <Filter>gba_library\Header Files</Filter>
    </ClInclude>
    <ClInclude Include="include\gba_drawing.h">
      <Filter>gba_library\Header Files</Filter>
    </ClInclude>
    <ClInclude Include="include\gba_graphics.h">
      <Filter>gba_library\Header Files</Filter>
    </ClInclude>
    <ClInclude Include="include\gba_input.h">
      <Filter>gba_library\Header Files</Filter>
    </ClInclude>
    <ClInclude Include="include\gba_math.h">
      <Filter>gba_library\Header Files</Filter>
    </ClInclude>
    <ClInclude Include="include\gba_mathUtility.h">
      <Filter>gba_library\Header Files</Filter>
    </ClInclude>
    <ClInclude Include="include\gba_registry.h">
      <Filter>gba_library\Header Files</Filter>
    </ClInclude>
    <ClInclude Include="include\gba_types.h">
      <Filter>gba_library\Header Files</Filter>
    </ClInclude>
    <ClInclude Include="include\sprite.h">
      <Filter>Header Files</Filter>
    </ClInclude>
    <ClInclude Include="include\gba_vector2.h">
      <Filter>gba_library\Header Files</Filter>
    </ClInclude>
    <ClInclude Include="include\gba_directMemoryAccesss.h">
      <Filter>gba_library\Header Files</Filter>
    </ClInclude>
    <ClInclude Include="include\backgroundFunctions.h">
      <Filter>Header Files</Filter>
    </ClInclude>
    <ClInclude Include="include\player.h">
      <Filter>Header Files</Filter>
    </ClInclude>
    <ClInclude Include="include\backgroundSprites.h">
      <Filter>Resource Files</Filter>
    </ClInclude>
    <ClInclude Include="include\background1.h">
      <Filter>Resource Files</Filter>
    </ClInclude>
    <ClInclude Include="include\background2.h">
      <Filter>Resource Files</Filter>
    </ClInclude>
    <ClInclude Include="include\background3.h">
      <Filter>Resource Files</Filter>
    </ClInclude>
    <ClInclude Include="include\collisionMap.h">
      <Filter>Resource Files</Filter>
    </ClInclude>
    <ClInclude Include="include\gameStates.h">
      <Filter>Header Files</Filter>
    </ClInclude>
    <ClInclude Include="include\splash.h">
      <Filter>Resource Files</Filter>
    </ClInclude>
    <ClInclude Include="include\gba_timers.h">
      <Filter>gba_library\Header Files</Filter>
    </ClInclude>
    <ClInclude Include="include\particles.h">
      <Filter>Resource Files</Filter>
    </ClInclude>
    <ClInclude Include="include\particleFunctions.h">
      <Filter>Header Files</Filter>
    </ClInclude>
    <ClInclude Include="include\mario.h">
      <Filter>Resource Files</Filter>
    </ClInclude>
    <ClInclude Include="include\enemy.h">
      <Filter>Header Files</Filter>
    </ClInclude>
    <ClInclude Include="include\enemy2.h">
      <Filter>Header Files</Filter>
    </ClInclude>
    <ClInclude Include="include\enemy3.h">
      <Filter>Header Files</Filter>
    </ClInclude>
    <ClInclude Include="include\smoke.h">
      <Filter>Resource Files</Filter>
    </ClInclude>
  </ItemGroup>
</Project>